{
  "version": 4,
  "terraform_version": "1.7.1",
  "serial": 4,
  "lineage": "1b2c6c82-b2b8-adbc-e9ad-108e58f5d068",
  "outputs": {
    "local_file_path": {
      "value": "./random_string.txt",
      "type": "string"
    },
    "random_pet_name": {
      "value": "cool-eagle",
      "type": "string"
    },
    "random_string_value": {
      "value": "Of5klLrmnbNf91hj",
      "type": "string"
    }
  },
  "resources": [
    {
      "mode": "managed",
      "type": "local_file",
      "name": "my_local_file",
      "provider": "provider[\"registry.terraform.io/hashicorp/local\"]",
      "instances": [
        {
          "schema_version": 0,
          "attributes": {
            "content": "Of5klLrmnbNf91hj",
            "content_base64": null,
            "content_base64sha256": "OifFRVhTZc+lkzgYeCqMkWCc84rqY9TrlZrjHvyRRHc=",
            "content_base64sha512": "UL5KhcWBW6JzEacKQ/qZGIR1lW0AIx6xap29c6dTdpRHEDUXzh5/33SftfaWhwtqP1d3XxGh0BqqB8En0n6/8A==",
            "content_md5": "0e9f86cc34453c09b1e0b401e9ce4ae2",
            "content_sha1": "6e6aa40958746d82e3cdf1e86b869dfc24be04b0",
            "content_sha256": "3a27c545585365cfa5933818782a8c91609cf38aea63d4eb959ae31efc914477",
            "content_sha512": "50be4a85c5815ba27311a70a43fa99188475956d00231eb16a9dbd73a753769447103517ce1e7fdf749fb5f696870b6a3f57775f11a1d01aaa07c127d27ebff0",
            "directory_permission": "0777",
            "file_permission": "0777",
            "filename": "./random_string.txt",
            "id": "6e6aa40958746d82e3cdf1e86b869dfc24be04b0",
            "sensitive_content": null,
            "source": null
          },
          "sensitive_attributes": [],
          "dependencies": [
            "random_string.my_random_string"
          ]
        }
      ]
    },
    {
      "mode": "managed",
      "type": "random_pet",
      "name": "my_random_pet",
      "provider": "provider[\"registry.terraform.io/hashicorp/random\"]",
      "instances": [
        {
          "schema_version": 0,
          "attributes": {
            "id": "cool-eagle",
            "keepers": null,
            "length": 2,
            "prefix": null,
            "separator": "-"
          },
          "sensitive_attributes": []
        }
      ]
    },
    {
      "mode": "managed",
      "type": "random_string",
      "name": "my_random_string",
      "provider": "provider[\"registry.terraform.io/hashicorp/random\"]",
      "instances": [
        {
          "schema_version": 2,
          "attributes": {
            "id": "Of5klLrmnbNf91hj",
            "keepers": null,
            "length": 16,
            "lower": true,
            "min_lower": 0,
            "min_numeric": 0,
            "min_special": 0,
            "min_upper": 0,
            "number": true,
            "numeric": true,
            "override_special": null,
            "result": "Of5klLrmnbNf91hj",
            "special": false,
            "upper": true
          },
          "sensitive_attributes": []
        }
      ]
    }
  ],
  "check_results": null
}
